
Microsoft Visual Studio Solution File, Format Version 12.00
# Visual Studio Version 17
VisualStudioVersion = 17.1.32210.238
MinimumVisualStudioVersion = 10.0.40219.1
Project("{FAE04EC0-301F-11D3-BF4B-00C04F79EFBC}") = "laba2", "laba2.csproj", "{D4E45473-66D3-4AA6-8EC8-58163CA42267}"
EndProject
Global
	GlobalSection(SolutionConfigurationPlatforms) = preSolution
		Debug|Any CPU = Debug|Any CPU
		Release|Any CPU = Release|Any CPU
	EndGlobalSection
	GlobalSection(ProjectConfigurationPlatforms) = postSolution
		{D4E45473-66D3-4AA6-8EC8-58163CA42267}.Debug|Any CPU.ActiveCfg = Debug|Any CPU
		{D4E45473-66D3-4AA6-8EC8-58163CA42267}.Debug|Any CPU.Build.0 = Debug|Any CPU
		{D4E45473-66D3-4AA6-8EC8-58163CA42267}.Release|Any CPU.ActiveCfg = Release|Any CPU
		{D4E45473-66D3-4AA6-8EC8-58163CA42267}.Release|Any CPU.Build.0 = Release|Any CPU
	EndGlobalSection
	GlobalSection(SolutionProperties) = preSolution
		HideSolutionNode = FALSE
	EndGlobalSection
	GlobalSection(ExtensibilityGlobals) = postSolution
		SolutionGuid = {F489E74F-510A-4CF8-B2EA-69B05CA7FD46}
	EndGlobalSection
EndGlobal
